
Microsoft Visual Studio Solution File, Format Version 12.00
# Visual Studio Version 17
VisualStudioVersion = 17.14.36804.6 d17.14
MinimumVisualStudioVersion = 10.0.40219.1
Project("{FAE04EC0-301F-11D3-BF4B-00C04F79EFBC}") = "WebAPI", "WebAPI.csproj", "{ABC55196-BE61-4445-8D58-473EC74F2C5D}"
EndProject
Global
	GlobalSection(SolutionConfigurationPlatforms) = preSolution
		Debug|Any CPU = Debug|Any CPU
		Release|Any CPU = Release|Any CPU
	EndGlobalSection
	GlobalSection(ProjectConfigurationPlatforms) = postSolution
		{ABC55196-BE61-4445-8D58-473EC74F2C5D}.Debug|Any CPU.ActiveCfg = Debug|Any CPU
		{ABC55196-BE61-4445-8D58-473EC74F2C5D}.Debug|Any CPU.Build.0 = Debug|Any CPU
		{ABC55196-BE61-4445-8D58-473EC74F2C5D}.Release|Any CPU.ActiveCfg = Release|Any CPU
		{ABC55196-BE61-4445-8D58-473EC74F2C5D}.Release|Any CPU.Build.0 = Release|Any CPU
	EndGlobalSection
	GlobalSection(SolutionProperties) = preSolution
		HideSolutionNode = FALSE
	EndGlobalSection
	GlobalSection(ExtensibilityGlobals) = postSolution
		SolutionGuid = {216BDA3F-D934-48DB-9BAF-E4A59CC5B833}
	EndGlobalSection
EndGlobal
